
Microsoft Visual Studio Solution File, Format Version 12.00
# Visual Studio Version 16
VisualStudioVersion = 16.0.30204.135
MinimumVisualStudioVersion = 10.0.40219.1
Project("{FAE04EC0-301F-11D3-BF4B-00C04F79EFBC}") = "CodeBlogFitness.BL", "..\CodeBlogFitness.BL\CodeBlogFitness.BL.csproj", "{7E740E68-7426-46D4-94BC-685B8D5A7E3A}"
EndProject
Project("{FAE04EC0-301F-11D3-BF4B-00C04F79EFBC}") = "CodeBlogFitness.CMD", "..\CodeBlogFitness.CMD\CodeBlogFitness.CMD.csproj", "{84ADA15C-05CC-4301-9350-1D0817092DC6}"
EndProject
Global
	GlobalSection(SolutionConfigurationPlatforms) = preSolution
		Debug|Any CPU = Debug|Any CPU
		Release|Any CPU = Release|Any CPU
	EndGlobalSection
	GlobalSection(ProjectConfigurationPlatforms) = postSolution
		{7E740E68-7426-46D4-94BC-685B8D5A7E3A}.Debug|Any CPU.ActiveCfg = Debug|Any CPU
		{7E740E68-7426-46D4-94BC-685B8D5A7E3A}.Debug|Any CPU.Build.0 = Debug|Any CPU
		{7E740E68-7426-46D4-94BC-685B8D5A7E3A}.Release|Any CPU.ActiveCfg = Release|Any CPU
		{7E740E68-7426-46D4-94BC-685B8D5A7E3A}.Release|Any CPU.Build.0 = Release|Any CPU
		{84ADA15C-05CC-4301-9350-1D0817092DC6}.Debug|Any CPU.ActiveCfg = Debug|Any CPU
		{84ADA15C-05CC-4301-9350-1D0817092DC6}.Debug|Any CPU.Build.0 = Debug|Any CPU
		{84ADA15C-05CC-4301-9350-1D0817092DC6}.Release|Any CPU.ActiveCfg = Release|Any CPU
		{84ADA15C-05CC-4301-9350-1D0817092DC6}.Release|Any CPU.Build.0 = Release|Any CPU
	EndGlobalSection
	GlobalSection(SolutionProperties) = preSolution
		HideSolutionNode = FALSE
	EndGlobalSection
	GlobalSection(ExtensibilityGlobals) = postSolution
		SolutionGuid = {F2673D21-BD45-4923-B73E-1342C8345286}
	EndGlobalSection
EndGlobal
